// !$*UTF8*$!
{
	archiveVersion = 1;
	classes = {
	};
	objectVersion = 55;
	objects = {

/* Begin PBXBuildFile section */
		191E687928CC3668001B32C0 /* AppDelegate.swift in Sources */ = {isa = PBXBuildFile; fileRef = 191E687828CC3668001B32C0 /* AppDelegate.swift */; };
		191E687B28CC3668001B32C0 /* SceneDelegate.swift in Sources */ = {isa = PBXBuildFile; fileRef = 191E687A28CC3668001B32C0 /* SceneDelegate.swift */; };
		191E688028CC3668001B32C0 /* Main.storyboard in Resources */ = {isa = PBXBuildFile; fileRef = 191E687E28CC3668001B32C0 /* Main.storyboard */; };
		191E688228CC366A001B32C0 /* Assets.xcassets in Resources */ = {isa = PBXBuildFile; fileRef = 191E688128CC366A001B32C0 /* Assets.xcassets */; };
		191E688528CC366A001B32C0 /* LaunchScreen.storyboard in Resources */ = {isa = PBXBuildFile; fileRef = 191E688328CC366A001B32C0 /* LaunchScreen.storyboard */; };
		191E689028CC366A001B32C0 /* UsersListTests.swift in Sources */ = {isa = PBXBuildFile; fileRef = 191E688F28CC366A001B32C0 /* UsersListTests.swift */; };
		191E689A28CC366A001B32C0 /* UsersListUITests.swift in Sources */ = {isa = PBXBuildFile; fileRef = 191E689928CC366A001B32C0 /* UsersListUITests.swift */; };
		191E689C28CC366A001B32C0 /* UsersListUITestsLaunchTests.swift in Sources */ = {isa = PBXBuildFile; fileRef = 191E689B28CC366A001B32C0 /* UsersListUITestsLaunchTests.swift */; };
		1941208E28CD91380061E1C0 /* Alamofire.xcframework in Frameworks */ = {isa = PBXBuildFile; fileRef = 1941208D28CD91380061E1C0 /* Alamofire.xcframework */; };
		1941209028CD91470061E1C0 /* Alamofire.xcframework in CopyFiles */ = {isa = PBXBuildFile; fileRef = 1941208D28CD91380061E1C0 /* Alamofire.xcframework */; settings = {ATTRIBUTES = (CodeSignOnCopy, RemoveHeadersOnCopy, ); }; };
		1941209228CD91770061E1C0 /* Nimble.xcframework in Frameworks */ = {isa = PBXBuildFile; fileRef = 1941209128CD91770061E1C0 /* Nimble.xcframework */; };
		1941209428CD917A0061E1C0 /* Quick.xcframework in Frameworks */ = {isa = PBXBuildFile; fileRef = 1941209328CD917A0061E1C0 /* Quick.xcframework */; };
		1941209628CD91900061E1C0 /* Quick.xcframework in CopyFiles */ = {isa = PBXBuildFile; fileRef = 1941209328CD917A0061E1C0 /* Quick.xcframework */; settings = {ATTRIBUTES = (CodeSignOnCopy, RemoveHeadersOnCopy, ); }; };
		1941209728CD91900061E1C0 /* Nimble.xcframework in CopyFiles */ = {isa = PBXBuildFile; fileRef = 1941209128CD91770061E1C0 /* Nimble.xcframework */; settings = {ATTRIBUTES = (CodeSignOnCopy, RemoveHeadersOnCopy, ); }; };
		19D6600B28CDB9200006B7A5 /* MainList.swift in Sources */ = {isa = PBXBuildFile; fileRef = 19D6600A28CDB9200006B7A5 /* MainList.swift */; };
		19D6600E28CDBDB50006B7A5 /* APIService.swift in Sources */ = {isa = PBXBuildFile; fileRef = 19D6600D28CDBDB50006B7A5 /* APIService.swift */; };
		19D6601128CDBEFC0006B7A5 /* UserInfo.swift in Sources */ = {isa = PBXBuildFile; fileRef = 19D6601028CDBEFC0006B7A5 /* UserInfo.swift */; };
		265E7D5AD1D8344C9F47C9A7 /* UsersListViewInput.swift in Sources */ = {isa = PBXBuildFile; fileRef = D865898E4ADAC88A67076205 /* UsersListViewInput.swift */; };
		2D2A6F9908B9414321CDAC72 /* UsersListRouterTest.swift in Sources */ = {isa = PBXBuildFile; fileRef = EAFD1D7E958CF88FFBB1B478 /* UsersListRouterTest.swift */; };
		42CC00778D45E8196F06A25D /* UsersListConfigurator.swift in Sources */ = {isa = PBXBuildFile; fileRef = B8ABDF22C416343AC3AD6977 /* UsersListConfigurator.swift */; };
		5965D87A25B59CC9AA1760A5 /* UsersListInteractor.swift in Sources */ = {isa = PBXBuildFile; fileRef = 3144FD75C7B18E6354B00140 /* UsersListInteractor.swift */; };
		6188D5DECA26FDF8166E1817 /* UsersListViewTest.swift in Sources */ = {isa = PBXBuildFile; fileRef = 46040FA83974B54B13640FEB /* UsersListViewTest.swift */; };
		85C68B02CC0FC9B0B944343C /* UsersListViewOutput.swift in Sources */ = {isa = PBXBuildFile; fileRef = A36D3C86004CA272618B4A51 /* UsersListViewOutput.swift */; };
		8ADE172500D8803CF90BDDF0 /* UsersListPresenterTest.swift in Sources */ = {isa = PBXBuildFile; fileRef = C8E7B5AAF9ED726AAB57A39D /* UsersListPresenterTest.swift */; };
		8BB7CD02AD8620E414BA5C5D /* UsersListInteractorOutput.swift in Sources */ = {isa = PBXBuildFile; fileRef = AD58EE27D5D3219BEBAA300B /* UsersListInteractorOutput.swift */; };
		8F1BE1C818F96F195FF35EED /* UsersListRouterInput.swift in Sources */ = {isa = PBXBuildFile; fileRef = 6C6DB5349069E498100DB91D /* UsersListRouterInput.swift */; };
		96FCBE5E8ACAFFA99FB07D9F /* UsersListRouter.swift in Sources */ = {isa = PBXBuildFile; fileRef = 159579CF74976CA9F313C3AF /* UsersListRouter.swift */; };
		A2046DAB73A34ACA02CB36D6 /* UsersListConfiguratorTest.swift in Sources */ = {isa = PBXBuildFile; fileRef = EED2A5C9AD2209D0AA95FC55 /* UsersListConfiguratorTest.swift */; };
		A99A000A6A7758A54C6A5AB8 /* UsersListInteractorTest.swift in Sources */ = {isa = PBXBuildFile; fileRef = 5D707DDD9839B9A6D6479E77 /* UsersListInteractorTest.swift */; };
		B113832090A348DAFC6C815E /* UsersListModuleInput.swift in Sources */ = {isa = PBXBuildFile; fileRef = DD51E5AFCB21BEA713D175DF /* UsersListModuleInput.swift */; };
		D00F8A76281B9D79B654694C /* UsersListPresenter.swift in Sources */ = {isa = PBXBuildFile; fileRef = 3C63317A0F267A30B9EE06E6 /* UsersListPresenter.swift */; };
		F43A2391F46FB004B79495D5 /* UsersListInteractorInput.swift in Sources */ = {isa = PBXBuildFile; fileRef = 7306B35BB1216D5E977F5A8D /* UsersListInteractorInput.swift */; };
		F96DE9E36A678E3743173144 /* UsersListViewController.swift in Sources */ = {isa = PBXBuildFile; fileRef = F29F50FCD698BA8602A1FE62 /* UsersListViewController.swift */; };
		FECB28C44C0E92E290BFD515 /* UsersListInitializer.swift in Sources */ = {isa = PBXBuildFile; fileRef = 0466E9D807AA69A30ABE6DB0 /* UsersListInitializer.swift */; };
/* End PBXBuildFile section */

/* Begin PBXContainerItemProxy section */
		191E688C28CC366A001B32C0 /* PBXContainerItemProxy */ = {
			isa = PBXContainerItemProxy;
			containerPortal = 191E686D28CC3668001B32C0 /* Project object */;
			proxyType = 1;
			remoteGlobalIDString = 191E687428CC3668001B32C0;
			remoteInfo = UsersList;
		};
		191E689628CC366A001B32C0 /* PBXContainerItemProxy */ = {
			isa = PBXContainerItemProxy;
			containerPortal = 191E686D28CC3668001B32C0 /* Project object */;
			proxyType = 1;
			remoteGlobalIDString = 191E687428CC3668001B32C0;
			remoteInfo = UsersList;
		};
/* End PBXContainerItemProxy section */

/* Begin PBXCopyFilesBuildPhase section */
		1941208F28CD913D0061E1C0 /* CopyFiles */ = {
			isa = PBXCopyFilesBuildPhase;
			buildActionMask = 2147483647;
			dstPath = "";
			dstSubfolderSpec = 10;
			files = (
				1941209028CD91470061E1C0 /* Alamofire.xcframework in CopyFiles */,
			);
			runOnlyForDeploymentPostprocessing = 0;
		};
		1941209528CD91840061E1C0 /* CopyFiles */ = {
			isa = PBXCopyFilesBuildPhase;
			buildActionMask = 2147483647;
			dstPath = "";
			dstSubfolderSpec = 10;
			files = (
				1941209628CD91900061E1C0 /* Quick.xcframework in CopyFiles */,
				1941209728CD91900061E1C0 /* Nimble.xcframework in CopyFiles */,
			);
			runOnlyForDeploymentPostprocessing = 0;
		};
/* End PBXCopyFilesBuildPhase section */

/* Begin PBXFileReference section */
		0466E9D807AA69A30ABE6DB0 /* UsersListInitializer.swift */ = {isa = PBXFileReference; includeInIndex = 1; lastKnownFileType = sourcecode.swift; path = UsersListInitializer.swift; sourceTree = "<group>"; };
		159579CF74976CA9F313C3AF /* UsersListRouter.swift */ = {isa = PBXFileReference; includeInIndex = 1; lastKnownFileType = sourcecode.swift; path = UsersListRouter.swift; sourceTree = "<group>"; };
		191E687528CC3668001B32C0 /* UsersList.app */ = {isa = PBXFileReference; explicitFileType = wrapper.application; includeInIndex = 0; path = UsersList.app; sourceTree = BUILT_PRODUCTS_DIR; };
		191E687828CC3668001B32C0 /* AppDelegate.swift */ = {isa = PBXFileReference; lastKnownFileType = sourcecode.swift; path = AppDelegate.swift; sourceTree = "<group>"; };
		191E687A28CC3668001B32C0 /* SceneDelegate.swift */ = {isa = PBXFileReference; lastKnownFileType = sourcecode.swift; path = SceneDelegate.swift; sourceTree = "<group>"; };
		191E687F28CC3668001B32C0 /* Base */ = {isa = PBXFileReference; lastKnownFileType = file.storyboard; name = Base; path = Base.lproj/Main.storyboard; sourceTree = "<group>"; };
		191E688128CC366A001B32C0 /* Assets.xcassets */ = {isa = PBXFileReference; lastKnownFileType = folder.assetcatalog; path = Assets.xcassets; sourceTree = "<group>"; };
		191E688428CC366A001B32C0 /* Base */ = {isa = PBXFileReference; lastKnownFileType = file.storyboard; name = Base; path = Base.lproj/LaunchScreen.storyboard; sourceTree = "<group>"; };
		191E688628CC366A001B32C0 /* Info.plist */ = {isa = PBXFileReference; lastKnownFileType = text.plist.xml; path = Info.plist; sourceTree = "<group>"; };
		191E688B28CC366A001B32C0 /* UsersListTests.xctest */ = {isa = PBXFileReference; explicitFileType = wrapper.cfbundle; includeInIndex = 0; path = UsersListTests.xctest; sourceTree = BUILT_PRODUCTS_DIR; };
		191E688F28CC366A001B32C0 /* UsersListTests.swift */ = {isa = PBXFileReference; lastKnownFileType = sourcecode.swift; path = UsersListTests.swift; sourceTree = "<group>"; };
		191E689528CC366A001B32C0 /* UsersListUITests.xctest */ = {isa = PBXFileReference; explicitFileType = wrapper.cfbundle; includeInIndex = 0; path = UsersListUITests.xctest; sourceTree = BUILT_PRODUCTS_DIR; };
		191E689928CC366A001B32C0 /* UsersListUITests.swift */ = {isa = PBXFileReference; lastKnownFileType = sourcecode.swift; path = UsersListUITests.swift; sourceTree = "<group>"; };
		191E689B28CC366A001B32C0 /* UsersListUITestsLaunchTests.swift */ = {isa = PBXFileReference; lastKnownFileType = sourcecode.swift; path = UsersListUITestsLaunchTests.swift; sourceTree = "<group>"; };
		1941208D28CD91380061E1C0 /* Alamofire.xcframework */ = {isa = PBXFileReference; lastKnownFileType = wrapper.xcframework; name = Alamofire.xcframework; path = Carthage/Build/Alamofire.xcframework; sourceTree = "<group>"; };
		1941209128CD91770061E1C0 /* Nimble.xcframework */ = {isa = PBXFileReference; lastKnownFileType = wrapper.xcframework; name = Nimble.xcframework; path = Carthage/Build/Nimble.xcframework; sourceTree = "<group>"; };
		1941209328CD917A0061E1C0 /* Quick.xcframework */ = {isa = PBXFileReference; lastKnownFileType = wrapper.xcframework; name = Quick.xcframework; path = Carthage/Build/Quick.xcframework; sourceTree = "<group>"; };
		19D6600A28CDB9200006B7A5 /* MainList.swift */ = {isa = PBXFileReference; lastKnownFileType = sourcecode.swift; path = MainList.swift; sourceTree = "<group>"; };
		19D6600D28CDBDB50006B7A5 /* APIService.swift */ = {isa = PBXFileReference; lastKnownFileType = sourcecode.swift; path = APIService.swift; sourceTree = "<group>"; };
		19D6601028CDBEFC0006B7A5 /* UserInfo.swift */ = {isa = PBXFileReference; lastKnownFileType = sourcecode.swift; path = UserInfo.swift; sourceTree = "<group>"; };
		3144FD75C7B18E6354B00140 /* UsersListInteractor.swift */ = {isa = PBXFileReference; includeInIndex = 1; lastKnownFileType = sourcecode.swift; path = UsersListInteractor.swift; sourceTree = "<group>"; };
		3C63317A0F267A30B9EE06E6 /* UsersListPresenter.swift */ = {isa = PBXFileReference; includeInIndex = 1; lastKnownFileType = sourcecode.swift; path = UsersListPresenter.swift; sourceTree = "<group>"; };
		46040FA83974B54B13640FEB /* UsersListViewTest.swift */ = {isa = PBXFileReference; includeInIndex = 1; lastKnownFileType = sourcecode.swift; path = UsersListViewTest.swift; sourceTree = "<group>"; };
		5D707DDD9839B9A6D6479E77 /* UsersListInteractorTest.swift */ = {isa = PBXFileReference; includeInIndex = 1; lastKnownFileType = sourcecode.swift; path = UsersListInteractorTest.swift; sourceTree = "<group>"; };
		6C6DB5349069E498100DB91D /* UsersListRouterInput.swift */ = {isa = PBXFileReference; includeInIndex = 1; lastKnownFileType = sourcecode.swift; path = UsersListRouterInput.swift; sourceTree = "<group>"; };
		7306B35BB1216D5E977F5A8D /* UsersListInteractorInput.swift */ = {isa = PBXFileReference; includeInIndex = 1; lastKnownFileType = sourcecode.swift; path = UsersListInteractorInput.swift; sourceTree = "<group>"; };
		A36D3C86004CA272618B4A51 /* UsersListViewOutput.swift */ = {isa = PBXFileReference; includeInIndex = 1; lastKnownFileType = sourcecode.swift; path = UsersListViewOutput.swift; sourceTree = "<group>"; };
		AD58EE27D5D3219BEBAA300B /* UsersListInteractorOutput.swift */ = {isa = PBXFileReference; includeInIndex = 1; lastKnownFileType = sourcecode.swift; path = UsersListInteractorOutput.swift; sourceTree = "<group>"; };
		B8ABDF22C416343AC3AD6977 /* UsersListConfigurator.swift */ = {isa = PBXFileReference; includeInIndex = 1; lastKnownFileType = sourcecode.swift; path = UsersListConfigurator.swift; sourceTree = "<group>"; };
		C8E7B5AAF9ED726AAB57A39D /* UsersListPresenterTest.swift */ = {isa = PBXFileReference; includeInIndex = 1; lastKnownFileType = sourcecode.swift; path = UsersListPresenterTest.swift; sourceTree = "<group>"; };
		D865898E4ADAC88A67076205 /* UsersListViewInput.swift */ = {isa = PBXFileReference; includeInIndex = 1; lastKnownFileType = sourcecode.swift; path = UsersListViewInput.swift; sourceTree = "<group>"; };
		DD51E5AFCB21BEA713D175DF /* UsersListModuleInput.swift */ = {isa = PBXFileReference; includeInIndex = 1; lastKnownFileType = sourcecode.swift; path = UsersListModuleInput.swift; sourceTree = "<group>"; };
		EAFD1D7E958CF88FFBB1B478 /* UsersListRouterTest.swift */ = {isa = PBXFileReference; includeInIndex = 1; lastKnownFileType = sourcecode.swift; path = UsersListRouterTest.swift; sourceTree = "<group>"; };
		EED2A5C9AD2209D0AA95FC55 /* UsersListConfiguratorTest.swift */ = {isa = PBXFileReference; includeInIndex = 1; lastKnownFileType = sourcecode.swift; path = UsersListConfiguratorTest.swift; sourceTree = "<group>"; };
		F29F50FCD698BA8602A1FE62 /* UsersListViewController.swift */ = {isa = PBXFileReference; includeInIndex = 1; lastKnownFileType = sourcecode.swift; path = UsersListViewController.swift; sourceTree = "<group>"; };
/* End PBXFileReference section */

/* Begin PBXFrameworksBuildPhase section */
		191E687228CC3668001B32C0 /* Frameworks */ = {
			isa = PBXFrameworksBuildPhase;
			buildActionMask = 2147483647;
			files = (
				1941208E28CD91380061E1C0 /* Alamofire.xcframework in Frameworks */,
			);
			runOnlyForDeploymentPostprocessing = 0;
		};
		191E688828CC366A001B32C0 /* Frameworks */ = {
			isa = PBXFrameworksBuildPhase;
			buildActionMask = 2147483647;
			files = (
				1941209228CD91770061E1C0 /* Nimble.xcframework in Frameworks */,
				1941209428CD917A0061E1C0 /* Quick.xcframework in Frameworks */,
			);
			runOnlyForDeploymentPostprocessing = 0;
		};
		191E689228CC366A001B32C0 /* Frameworks */ = {
			isa = PBXFrameworksBuildPhase;
			buildActionMask = 2147483647;
			files = (
			);
			runOnlyForDeploymentPostprocessing = 0;
		};
/* End PBXFrameworksBuildPhase section */

/* Begin PBXGroup section */
		191E686C28CC3668001B32C0 = {
			isa = PBXGroup;
			children = (
				191E687728CC3668001B32C0 /* UsersList */,
				191E688E28CC366A001B32C0 /* UsersListTests */,
				191E689828CC366A001B32C0 /* UsersListUITests */,
				191E687628CC3668001B32C0 /* Products */,
				1941208C28CD91380061E1C0 /* Frameworks */,
			);
			sourceTree = "<group>";
		};
		191E687628CC3668001B32C0 /* Products */ = {
			isa = PBXGroup;
			children = (
				191E687528CC3668001B32C0 /* UsersList.app */,
				191E688B28CC366A001B32C0 /* UsersListTests.xctest */,
				191E689528CC366A001B32C0 /* UsersListUITests.xctest */,
			);
			name = Products;
			sourceTree = "<group>";
		};
		191E687728CC3668001B32C0 /* UsersList */ = {
			isa = PBXGroup;
			children = (
				BCA516749D553E02AEF657B8 /* Features */,
				19D6600628CDA3B70006B7A5 /* Storyboards */,
				19D6600728CDA4370006B7A5 /* Resources */,
				19D6600C28CDBD960006B7A5 /* API Service */,
				191E687828CC3668001B32C0 /* AppDelegate.swift */,
				191E687A28CC3668001B32C0 /* SceneDelegate.swift */,
				191E688628CC366A001B32C0 /* Info.plist */,
			);
			path = UsersList;
			sourceTree = "<group>";
		};
		191E688E28CC366A001B32C0 /* UsersListTests */ = {
			isa = PBXGroup;
			children = (
				191E688F28CC366A001B32C0 /* UsersListTests.swift */,
				E4E8B5F04109932CE1AD26A8 /* Features */,
			);
			path = UsersListTests;
			sourceTree = "<group>";
		};
		191E689828CC366A001B32C0 /* UsersListUITests */ = {
			isa = PBXGroup;
			children = (
				191E689928CC366A001B32C0 /* UsersListUITests.swift */,
				191E689B28CC366A001B32C0 /* UsersListUITestsLaunchTests.swift */,
			);
			path = UsersListUITests;
			sourceTree = "<group>";
		};
		1941208C28CD91380061E1C0 /* Frameworks */ = {
			isa = PBXGroup;
			children = (
				1941209328CD917A0061E1C0 /* Quick.xcframework */,
				1941209128CD91770061E1C0 /* Nimble.xcframework */,
				1941208D28CD91380061E1C0 /* Alamofire.xcframework */,
			);
			name = Frameworks;
			sourceTree = "<group>";
		};
		19D6600628CDA3B70006B7A5 /* Storyboards */ = {
			isa = PBXGroup;
			children = (
				191E687E28CC3668001B32C0 /* Main.storyboard */,
				191E688328CC366A001B32C0 /* LaunchScreen.storyboard */,
			);
			path = Storyboards;
			sourceTree = "<group>";
		};
		19D6600728CDA4370006B7A5 /* Resources */ = {
			isa = PBXGroup;
			children = (
				191E688128CC366A001B32C0 /* Assets.xcassets */,
			);
			path = Resources;
			sourceTree = "<group>";
		};
		19D6600828CDB8F20006B7A5 /* Common */ = {
			isa = PBXGroup;
			children = (
				19D6600F28CDBEDA0006B7A5 /* Models */,
				19D6600928CDB90D0006B7A5 /* Strings */,
			);
			path = Common;
			sourceTree = "<group>";
		};
		19D6600928CDB90D0006B7A5 /* Strings */ = {
			isa = PBXGroup;
			children = (
				19D6600A28CDB9200006B7A5 /* MainList.swift */,
			);
			path = Strings;
			sourceTree = "<group>";
		};
		19D6600C28CDBD960006B7A5 /* API Service */ = {
			isa = PBXGroup;
			children = (
				19D6600D28CDBDB50006B7A5 /* APIService.swift */,
			);
			path = "API Service";
			sourceTree = "<group>";
		};
		19D6600F28CDBEDA0006B7A5 /* Models */ = {
			isa = PBXGroup;
			children = (
				19D6601028CDBEFC0006B7A5 /* UserInfo.swift */,
			);
			path = Models;
			sourceTree = "<group>";
		};
		2363F2BBDBAA0C2FD031AA61 /* Application Logic */ = {
			isa = PBXGroup;
			children = (
				59BBAEBD0D0B8394935465F1 /* Configurator */,
				ABC037B47DF8648F7CBDC15E /* Interactor */,
			);
			path = "Application Logic";
			sourceTree = "<group>";
		};
		296017CEEC530AD2619F4199 /* UsersList */ = {
			isa = PBXGroup;
			children = (
				8A6FD2329D3CB79FD823D5BA /* Application Logic */,
				AA26B4F671EB5AB7E573422E /* User Interface */,
			);
			path = UsersList;
			sourceTree = "<group>";
		};
		3C44C75509E14A9A0DDDE796 /* Presenter */ = {
			isa = PBXGroup;
			children = (
				DD51E5AFCB21BEA713D175DF /* UsersListModuleInput.swift */,
				3C63317A0F267A30B9EE06E6 /* UsersListPresenter.swift */,
			);
			path = Presenter;
			sourceTree = "<group>";
		};
		59BBAEBD0D0B8394935465F1 /* Configurator */ = {
			isa = PBXGroup;
			children = (
				B8ABDF22C416343AC3AD6977 /* UsersListConfigurator.swift */,
				0466E9D807AA69A30ABE6DB0 /* UsersListInitializer.swift */,
			);
			path = Configurator;
			sourceTree = "<group>";
		};
		6A8EEFE082A41C24B0CC73F2 /* View */ = {
			isa = PBXGroup;
			children = (
				F29F50FCD698BA8602A1FE62 /* UsersListViewController.swift */,
				D865898E4ADAC88A67076205 /* UsersListViewInput.swift */,
				A36D3C86004CA272618B4A51 /* UsersListViewOutput.swift */,
			);
			path = View;
			sourceTree = "<group>";
		};
		7D11031D0D9AA1511CA12581 /* MainList */ = {
			isa = PBXGroup;
			children = (
				19D6600828CDB8F20006B7A5 /* Common */,
				B5E04C45B721AD85C840E6A2 /* Modules */,
			);
			path = MainList;
			sourceTree = "<group>";
		};
		8A6FD2329D3CB79FD823D5BA /* Application Logic */ = {
			isa = PBXGroup;
			children = (
				C22E8745CD34E861C9F0E928 /* Configurator */,
				8DC7157B1EFAC6C1460BD0EA /* Interactor */,
			);
			path = "Application Logic";
			sourceTree = "<group>";
		};
		8DC7157B1EFAC6C1460BD0EA /* Interactor */ = {
			isa = PBXGroup;
			children = (
				5D707DDD9839B9A6D6479E77 /* UsersListInteractorTest.swift */,
			);
			path = Interactor;
			sourceTree = "<group>";
		};
		94E8D4D005977CB510F1970E /* Router */ = {
			isa = PBXGroup;
			children = (
				159579CF74976CA9F313C3AF /* UsersListRouter.swift */,
				6C6DB5349069E498100DB91D /* UsersListRouterInput.swift */,
			);
			path = Router;
			sourceTree = "<group>";
		};
		9AD4F67A431426108E56D477 /* Router */ = {
			isa = PBXGroup;
			children = (
				EAFD1D7E958CF88FFBB1B478 /* UsersListRouterTest.swift */,
			);
			path = Router;
			sourceTree = "<group>";
		};
		AA26B4F671EB5AB7E573422E /* User Interface */ = {
			isa = PBXGroup;
			children = (
				9AD4F67A431426108E56D477 /* Router */,
				CC288530140822B1F6B2490A /* Presenter */,
				D6E51C4768BE4A071ED40C83 /* View */,
			);
			path = "User Interface";
			sourceTree = "<group>";
		};
		ABC037B47DF8648F7CBDC15E /* Interactor */ = {
			isa = PBXGroup;
			children = (
				3144FD75C7B18E6354B00140 /* UsersListInteractor.swift */,
				7306B35BB1216D5E977F5A8D /* UsersListInteractorInput.swift */,
				AD58EE27D5D3219BEBAA300B /* UsersListInteractorOutput.swift */,
			);
			path = Interactor;
			sourceTree = "<group>";
		};
		ABF80D098EDFAF775E2DEAB1 /* Modules */ = {
			isa = PBXGroup;
			children = (
				296017CEEC530AD2619F4199 /* UsersList */,
			);
			path = Modules;
			sourceTree = "<group>";
		};
		AFAE49BFA7E5FA5D8B83786A /* User Interface */ = {
			isa = PBXGroup;
			children = (
				3C44C75509E14A9A0DDDE796 /* Presenter */,
				94E8D4D005977CB510F1970E /* Router */,
				6A8EEFE082A41C24B0CC73F2 /* View */,
			);
			path = "User Interface";
			sourceTree = "<group>";
		};
		B5E04C45B721AD85C840E6A2 /* Modules */ = {
			isa = PBXGroup;
			children = (
				B603A0E281686129DD40D956 /* UsersList */,
			);
			path = Modules;
			sourceTree = "<group>";
		};
		B603A0E281686129DD40D956 /* UsersList */ = {
			isa = PBXGroup;
			children = (
				2363F2BBDBAA0C2FD031AA61 /* Application Logic */,
				AFAE49BFA7E5FA5D8B83786A /* User Interface */,
			);
			path = UsersList;
			sourceTree = "<group>";
		};
		BCA516749D553E02AEF657B8 /* Features */ = {
			isa = PBXGroup;
			children = (
				7D11031D0D9AA1511CA12581 /* MainList */,
			);
			path = Features;
			sourceTree = "<group>";
		};
		C22E8745CD34E861C9F0E928 /* Configurator */ = {
			isa = PBXGroup;
			children = (
				EED2A5C9AD2209D0AA95FC55 /* UsersListConfiguratorTest.swift */,
			);
			path = Configurator;
			sourceTree = "<group>";
		};
		CC288530140822B1F6B2490A /* Presenter */ = {
			isa = PBXGroup;
			children = (
				C8E7B5AAF9ED726AAB57A39D /* UsersListPresenterTest.swift */,
			);
			path = Presenter;
			sourceTree = "<group>";
		};
		CC945624755AD9385EDD0351 /* MainList */ = {
			isa = PBXGroup;
			children = (
				ABF80D098EDFAF775E2DEAB1 /* Modules */,
			);
			path = MainList;
			sourceTree = "<group>";
		};
		D6E51C4768BE4A071ED40C83 /* View */ = {
			isa = PBXGroup;
			children = (
				46040FA83974B54B13640FEB /* UsersListViewTest.swift */,
			);
			path = View;
			sourceTree = "<group>";
		};
		E4E8B5F04109932CE1AD26A8 /* Features */ = {
			isa = PBXGroup;
			children = (
				CC945624755AD9385EDD0351 /* MainList */,
			);
			path = Features;
			sourceTree = "<group>";
		};
/* End PBXGroup section */

/* Begin PBXNativeTarget section */
		191E687428CC3668001B32C0 /* UsersList */ = {
			isa = PBXNativeTarget;
			buildConfigurationList = 191E689F28CC366A001B32C0 /* Build configuration list for PBXNativeTarget "UsersList" */;
			buildPhases = (
				191E687128CC3668001B32C0 /* Sources */,
				191E687228CC3668001B32C0 /* Frameworks */,
				191E687328CC3668001B32C0 /* Resources */,
				1941208F28CD913D0061E1C0 /* CopyFiles */,
			);
			buildRules = (
			);
			dependencies = (
			);
			name = UsersList;
			productName = UsersList;
			productReference = 191E687528CC3668001B32C0 /* UsersList.app */;
			productType = "com.apple.product-type.application";
		};
		191E688A28CC366A001B32C0 /* UsersListTests */ = {
			isa = PBXNativeTarget;
			buildConfigurationList = 191E68A228CC366A001B32C0 /* Build configuration list for PBXNativeTarget "UsersListTests" */;
			buildPhases = (
				191E688728CC366A001B32C0 /* Sources */,
				191E688828CC366A001B32C0 /* Frameworks */,
				191E688928CC366A001B32C0 /* Resources */,
				1941209528CD91840061E1C0 /* CopyFiles */,
			);
			buildRules = (
			);
			dependencies = (
				191E688D28CC366A001B32C0 /* PBXTargetDependency */,
			);
			name = UsersListTests;
			productName = UsersListTests;
			productReference = 191E688B28CC366A001B32C0 /* UsersListTests.xctest */;
			productType = "com.apple.product-type.bundle.unit-test";
		};
		191E689428CC366A001B32C0 /* UsersListUITests */ = {
			isa = PBXNativeTarget;
			buildConfigurationList = 191E68A528CC366A001B32C0 /* Build configuration list for PBXNativeTarget "UsersListUITests" */;
			buildPhases = (
				191E689128CC366A001B32C0 /* Sources */,
				191E689228CC366A001B32C0 /* Frameworks */,
				191E689328CC366A001B32C0 /* Resources */,
			);
			buildRules = (
			);
			dependencies = (
				191E689728CC366A001B32C0 /* PBXTargetDependency */,
			);
			name = UsersListUITests;
			productName = UsersListUITests;
			productReference = 191E689528CC366A001B32C0 /* UsersListUITests.xctest */;
			productType = "com.apple.product-type.bundle.ui-testing";
		};
/* End PBXNativeTarget section */

/* Begin PBXProject section */
		191E686D28CC3668001B32C0 /* Project object */ = {
			isa = PBXProject;
			attributes = {
				BuildIndependentTargetsInParallel = 1;
				LastSwiftUpdateCheck = 1340;
				LastUpgradeCheck = 1340;
				TargetAttributes = {
					191E687428CC3668001B32C0 = {
						CreatedOnToolsVersion = 13.4.1;
					};
					191E688A28CC366A001B32C0 = {
						CreatedOnToolsVersion = 13.4.1;
						TestTargetID = 191E687428CC3668001B32C0;
					};
					191E689428CC366A001B32C0 = {
						CreatedOnToolsVersion = 13.4.1;
						TestTargetID = 191E687428CC3668001B32C0;
					};
				};
			};
			buildConfigurationList = 191E687028CC3668001B32C0 /* Build configuration list for PBXProject "UsersList" */;
			compatibilityVersion = "Xcode 13.0";
			developmentRegion = en;
			hasScannedForEncodings = 0;
			knownRegions = (
				en,
				Base,
			);
			mainGroup = 191E686C28CC3668001B32C0;
			productRefGroup = 191E687628CC3668001B32C0 /* Products */;
			projectDirPath = "";
			projectRoot = "";
			targets = (
				191E687428CC3668001B32C0 /* UsersList */,
				191E688A28CC366A001B32C0 /* UsersListTests */,
				191E689428CC366A001B32C0 /* UsersListUITests */,
			);
		};
/* End PBXProject section */

/* Begin PBXResourcesBuildPhase section */
		191E687328CC3668001B32C0 /* Resources */ = {
			isa = PBXResourcesBuildPhase;
			buildActionMask = 2147483647;
			files = (
				191E688528CC366A001B32C0 /* LaunchScreen.storyboard in Resources */,
				191E688228CC366A001B32C0 /* Assets.xcassets in Resources */,
				191E688028CC3668001B32C0 /* Main.storyboard in Resources */,
			);
			runOnlyForDeploymentPostprocessing = 0;
		};
		191E688928CC366A001B32C0 /* Resources */ = {
			isa = PBXResourcesBuildPhase;
			buildActionMask = 2147483647;
			files = (
			);
			runOnlyForDeploymentPostprocessing = 0;
		};
		191E689328CC366A001B32C0 /* Resources */ = {
			isa = PBXResourcesBuildPhase;
			buildActionMask = 2147483647;
			files = (
			);
			runOnlyForDeploymentPostprocessing = 0;
		};
/* End PBXResourcesBuildPhase section */

/* Begin PBXSourcesBuildPhase section */
		191E687128CC3668001B32C0 /* Sources */ = {
			isa = PBXSourcesBuildPhase;
			buildActionMask = 2147483647;
			files = (
				191E687928CC3668001B32C0 /* AppDelegate.swift in Sources */,
				19D6600B28CDB9200006B7A5 /* MainList.swift in Sources */,
				191E687B28CC3668001B32C0 /* SceneDelegate.swift in Sources */,
				42CC00778D45E8196F06A25D /* UsersListConfigurator.swift in Sources */,
				FECB28C44C0E92E290BFD515 /* UsersListInitializer.swift in Sources */,
				19D6601128CDBEFC0006B7A5 /* UserInfo.swift in Sources */,
				5965D87A25B59CC9AA1760A5 /* UsersListInteractor.swift in Sources */,
				19D6600E28CDBDB50006B7A5 /* APIService.swift in Sources */,
				F43A2391F46FB004B79495D5 /* UsersListInteractorInput.swift in Sources */,
				8BB7CD02AD8620E414BA5C5D /* UsersListInteractorOutput.swift in Sources */,
				B113832090A348DAFC6C815E /* UsersListModuleInput.swift in Sources */,
				D00F8A76281B9D79B654694C /* UsersListPresenter.swift in Sources */,
				96FCBE5E8ACAFFA99FB07D9F /* UsersListRouter.swift in Sources */,
				8F1BE1C818F96F195FF35EED /* UsersListRouterInput.swift in Sources */,
				F96DE9E36A678E3743173144 /* UsersListViewController.swift in Sources */,
				265E7D5AD1D8344C9F47C9A7 /* UsersListViewInput.swift in Sources */,
				85C68B02CC0FC9B0B944343C /* UsersListViewOutput.swift in Sources */,
			);
			runOnlyForDeploymentPostprocessing = 0;
		};
		191E688728CC366A001B32C0 /* Sources */ = {
			isa = PBXSourcesBuildPhase;
			buildActionMask = 2147483647;
			files = (
				191E689028CC366A001B32C0 /* UsersListTests.swift in Sources */,
				A2046DAB73A34ACA02CB36D6 /* UsersListConfiguratorTest.swift in Sources */,
				A99A000A6A7758A54C6A5AB8 /* UsersListInteractorTest.swift in Sources */,
				2D2A6F9908B9414321CDAC72 /* UsersListRouterTest.swift in Sources */,
				8ADE172500D8803CF90BDDF0 /* UsersListPresenterTest.swift in Sources */,
				6188D5DECA26FDF8166E1817 /* UsersListViewTest.swift in Sources */,
			);
			runOnlyForDeploymentPostprocessing = 0;
		};
		191E689128CC366A001B32C0 /* Sources */ = {
			isa = PBXSourcesBuildPhase;
			buildActionMask = 2147483647;
			files = (
				191E689A28CC366A001B32C0 /* UsersListUITests.swift in Sources */,
				191E689C28CC366A001B32C0 /* UsersListUITestsLaunchTests.swift in Sources */,
			);
			runOnlyForDeploymentPostprocessing = 0;
		};
/* End PBXSourcesBuildPhase section */

/* Begin PBXTargetDependency section */
		191E688D28CC366A001B32C0 /* PBXTargetDependency */ = {
			isa = PBXTargetDependency;
			target = 191E687428CC3668001B32C0 /* UsersList */;
			targetProxy = 191E688C28CC366A001B32C0 /* PBXContainerItemProxy */;
		};
		191E689728CC366A001B32C0 /* PBXTargetDependency */ = {
			isa = PBXTargetDependency;
			target = 191E687428CC3668001B32C0 /* UsersList */;
			targetProxy = 191E689628CC366A001B32C0 /* PBXContainerItemProxy */;
		};
/* End PBXTargetDependency section */

/* Begin PBXVariantGroup section */
		191E687E28CC3668001B32C0 /* Main.storyboard */ = {
			isa = PBXVariantGroup;
			children = (
				191E687F28CC3668001B32C0 /* Base */,
			);
			name = Main.storyboard;
			sourceTree = "<group>";
		};
		191E688328CC366A001B32C0 /* LaunchScreen.storyboard */ = {
			isa = PBXVariantGroup;
			children = (
				191E688428CC366A001B32C0 /* Base */,
			);
			name = LaunchScreen.storyboard;
			sourceTree = "<group>";
		};
/* End PBXVariantGroup section */

/* Begin XCBuildConfiguration section */
		191E689D28CC366A001B32C0 /* Debug */ = {
			isa = XCBuildConfiguration;
			buildSettings = {
				ALWAYS_SEARCH_USER_PATHS = NO;
				CLANG_ANALYZER_NONNULL = YES;
				CLANG_ANALYZER_NUMBER_OBJECT_CONVERSION = YES_AGGRESSIVE;
				CLANG_CXX_LANGUAGE_STANDARD = "gnu++17";
				CLANG_ENABLE_MODULES = YES;
				CLANG_ENABLE_OBJC_ARC = YES;
				CLANG_ENABLE_OBJC_WEAK = YES;
				CLANG_WARN_BLOCK_CAPTURE_AUTORELEASING = YES;
				CLANG_WARN_BOOL_CONVERSION = YES;
				CLANG_WARN_COMMA = YES;
				CLANG_WARN_CONSTANT_CONVERSION = YES;
				CLANG_WARN_DEPRECATED_OBJC_IMPLEMENTATIONS = YES;
				CLANG_WARN_DIRECT_OBJC_ISA_USAGE = YES_ERROR;
				CLANG_WARN_DOCUMENTATION_COMMENTS = YES;
				CLANG_WARN_EMPTY_BODY = YES;
				CLANG_WARN_ENUM_CONVERSION = YES;
				CLANG_WARN_INFINITE_RECURSION = YES;
				CLANG_WARN_INT_CONVERSION = YES;
				CLANG_WARN_NON_LITERAL_NULL_CONVERSION = YES;
				CLANG_WARN_OBJC_IMPLICIT_RETAIN_SELF = YES;
				CLANG_WARN_OBJC_LITERAL_CONVERSION = YES;
				CLANG_WARN_OBJC_ROOT_CLASS = YES_ERROR;
				CLANG_WARN_QUOTED_INCLUDE_IN_FRAMEWORK_HEADER = YES;
				CLANG_WARN_RANGE_LOOP_ANALYSIS = YES;
				CLANG_WARN_STRICT_PROTOTYPES = YES;
				CLANG_WARN_SUSPICIOUS_MOVE = YES;
				CLANG_WARN_UNGUARDED_AVAILABILITY = YES_AGGRESSIVE;
				CLANG_WARN_UNREACHABLE_CODE = YES;
				CLANG_WARN__DUPLICATE_METHOD_MATCH = YES;
				COPY_PHASE_STRIP = NO;
				DEBUG_INFORMATION_FORMAT = dwarf;
				ENABLE_STRICT_OBJC_MSGSEND = YES;
				ENABLE_TESTABILITY = YES;
				GCC_C_LANGUAGE_STANDARD = gnu11;
				GCC_DYNAMIC_NO_PIC = NO;
				GCC_NO_COMMON_BLOCKS = YES;
				GCC_OPTIMIZATION_LEVEL = 0;
				GCC_PREPROCESSOR_DEFINITIONS = (
					"DEBUG=1",
					"$(inherited)",
				);
				GCC_WARN_64_TO_32_BIT_CONVERSION = YES;
				GCC_WARN_ABOUT_RETURN_TYPE = YES_ERROR;
				GCC_WARN_UNDECLARED_SELECTOR = YES;
				GCC_WARN_UNINITIALIZED_AUTOS = YES_AGGRESSIVE;
				GCC_WARN_UNUSED_FUNCTION = YES;
				GCC_WARN_UNUSED_VARIABLE = YES;
				IPHONEOS_DEPLOYMENT_TARGET = 15.5;
				MTL_ENABLE_DEBUG_INFO = INCLUDE_SOURCE;
				MTL_FAST_MATH = YES;
				ONLY_ACTIVE_ARCH = YES;
				SDKROOT = iphoneos;
				SWIFT_ACTIVE_COMPILATION_CONDITIONS = DEBUG;
				SWIFT_OPTIMIZATION_LEVEL = "-Onone";
			};
			name = Debug;
		};
		191E689E28CC366A001B32C0 /* Release */ = {
			isa = XCBuildConfiguration;
			buildSettings = {
				ALWAYS_SEARCH_USER_PATHS = NO;
				CLANG_ANALYZER_NONNULL = YES;
				CLANG_ANALYZER_NUMBER_OBJECT_CONVERSION = YES_AGGRESSIVE;
				CLANG_CXX_LANGUAGE_STANDARD = "gnu++17";
				CLANG_ENABLE_MODULES = YES;
				CLANG_ENABLE_OBJC_ARC = YES;
				CLANG_ENABLE_OBJC_WEAK = YES;
				CLANG_WARN_BLOCK_CAPTURE_AUTORELEASING = YES;
				CLANG_WARN_BOOL_CONVERSION = YES;
				CLANG_WARN_COMMA = YES;
				CLANG_WARN_CONSTANT_CONVERSION = YES;
				CLANG_WARN_DEPRECATED_OBJC_IMPLEMENTATIONS = YES;
				CLANG_WARN_DIRECT_OBJC_ISA_USAGE = YES_ERROR;
				CLANG_WARN_DOCUMENTATION_COMMENTS = YES;
				CLANG_WARN_EMPTY_BODY = YES;
				CLANG_WARN_ENUM_CONVERSION = YES;
				CLANG_WARN_INFINITE_RECURSION = YES;
				CLANG_WARN_INT_CONVERSION = YES;
				CLANG_WARN_NON_LITERAL_NULL_CONVERSION = YES;
				CLANG_WARN_OBJC_IMPLICIT_RETAIN_SELF = YES;
				CLANG_WARN_OBJC_LITERAL_CONVERSION = YES;
				CLANG_WARN_OBJC_ROOT_CLASS = YES_ERROR;
				CLANG_WARN_QUOTED_INCLUDE_IN_FRAMEWORK_HEADER = YES;
				CLANG_WARN_RANGE_LOOP_ANALYSIS = YES;
				CLANG_WARN_STRICT_PROTOTYPES = YES;
				CLANG_WARN_SUSPICIOUS_MOVE = YES;
				CLANG_WARN_UNGUARDED_AVAILABILITY = YES_AGGRESSIVE;
				CLANG_WARN_UNREACHABLE_CODE = YES;
				CLANG_WARN__DUPLICATE_METHOD_MATCH = YES;
				COPY_PHASE_STRIP = NO;
				DEBUG_INFORMATION_FORMAT = "dwarf-with-dsym";
				ENABLE_NS_ASSERTIONS = NO;
				ENABLE_STRICT_OBJC_MSGSEND = YES;
				GCC_C_LANGUAGE_STANDARD = gnu11;
				GCC_NO_COMMON_BLOCKS = YES;
				GCC_WARN_64_TO_32_BIT_CONVERSION = YES;
				GCC_WARN_ABOUT_RETURN_TYPE = YES_ERROR;
				GCC_WARN_UNDECLARED_SELECTOR = YES;
				GCC_WARN_UNINITIALIZED_AUTOS = YES_AGGRESSIVE;
				GCC_WARN_UNUSED_FUNCTION = YES;
				GCC_WARN_UNUSED_VARIABLE = YES;
				IPHONEOS_DEPLOYMENT_TARGET = 15.5;
				MTL_ENABLE_DEBUG_INFO = NO;
				MTL_FAST_MATH = YES;
				SDKROOT = iphoneos;
				SWIFT_COMPILATION_MODE = wholemodule;
				SWIFT_OPTIMIZATION_LEVEL = "-O";
				VALIDATE_PRODUCT = YES;
			};
			name = Release;
		};
		191E68A028CC366A001B32C0 /* Debug */ = {
			isa = XCBuildConfiguration;
			buildSettings = {
				ASSETCATALOG_COMPILER_APPICON_NAME = AppIcon;
				ASSETCATALOG_COMPILER_GLOBAL_ACCENT_COLOR_NAME = AccentColor;
				CODE_SIGN_STYLE = Automatic;
				CURRENT_PROJECT_VERSION = 1;
				DEVELOPMENT_TEAM = HF9342AZKD;
				GENERATE_INFOPLIST_FILE = YES;
				INFOPLIST_FILE = UsersList/Info.plist;
				INFOPLIST_KEY_UIApplicationSupportsIndirectInputEvents = YES;
				INFOPLIST_KEY_UILaunchStoryboardName = LaunchScreen;
				INFOPLIST_KEY_UIMainStoryboardFile = Main;
				INFOPLIST_KEY_UISupportedInterfaceOrientations_iPad = "UIInterfaceOrientationPortrait UIInterfaceOrientationPortraitUpsideDown UIInterfaceOrientationLandscapeLeft UIInterfaceOrientationLandscapeRight";
				INFOPLIST_KEY_UISupportedInterfaceOrientations_iPhone = "UIInterfaceOrientationPortrait UIInterfaceOrientationLandscapeLeft UIInterfaceOrientationLandscapeRight";
				LD_RUNPATH_SEARCH_PATHS = (
					"$(inherited)",
					"@executable_path/Frameworks",
				);
				MARKETING_VERSION = 1.0;
				PRODUCT_BUNDLE_IDENTIFIER = com.clarence.ceibaUsers.UsersList;
				PRODUCT_NAME = "$(TARGET_NAME)";
				SWIFT_EMIT_LOC_STRINGS = YES;
				SWIFT_VERSION = 5.0;
				TARGETED_DEVICE_FAMILY = "1,2";
			};
			name = Debug;
		};
		191E68A128CC366A001B32C0 /* Release */ = {
			isa = XCBuildConfiguration;
			buildSettings = {
				ASSETCATALOG_COMPILER_APPICON_NAME = AppIcon;
				ASSETCATALOG_COMPILER_GLOBAL_ACCENT_COLOR_NAME = AccentColor;
				CODE_SIGN_STYLE = Automatic;
				CURRENT_PROJECT_VERSION = 1;
				DEVELOPMENT_TEAM = HF9342AZKD;
				GENERATE_INFOPLIST_FILE = YES;
				INFOPLIST_FILE = UsersList/Info.plist;
				INFOPLIST_KEY_UIApplicationSupportsIndirectInputEvents = YES;
				INFOPLIST_KEY_UILaunchStoryboardName = LaunchScreen;
				INFOPLIST_KEY_UIMainStoryboardFile = Main;
				INFOPLIST_KEY_UISupportedInterfaceOrientations_iPad = "UIInterfaceOrientationPortrait UIInterfaceOrientationPortraitUpsideDown UIInterfaceOrientationLandscapeLeft UIInterfaceOrientationLandscapeRight";
				INFOPLIST_KEY_UISupportedInterfaceOrientations_iPhone = "UIInterfaceOrientationPortrait UIInterfaceOrientationLandscapeLeft UIInterfaceOrientationLandscapeRight";
				LD_RUNPATH_SEARCH_PATHS = (
					"$(inherited)",
					"@executable_path/Frameworks",
				);
				MARKETING_VERSION = 1.0;
				PRODUCT_BUNDLE_IDENTIFIER = com.clarence.ceibaUsers.UsersList;
				PRODUCT_NAME = "$(TARGET_NAME)";
				SWIFT_EMIT_LOC_STRINGS = YES;
				SWIFT_VERSION = 5.0;
				TARGETED_DEVICE_FAMILY = "1,2";
			};
			name = Release;
		};
		191E68A328CC366A001B32C0 /* Debug */ = {
			isa = XCBuildConfiguration;
			buildSettings = {
				ALWAYS_EMBED_SWIFT_STANDARD_LIBRARIES = YES;
				BUNDLE_LOADER = "$(TEST_HOST)";
				CODE_SIGN_STYLE = Automatic;
				CURRENT_PROJECT_VERSION = 1;
				DEVELOPMENT_TEAM = HF9342AZKD;
				GENERATE_INFOPLIST_FILE = YES;
				IPHONEOS_DEPLOYMENT_TARGET = 15.5;
				MARKETING_VERSION = 1.0;
				PRODUCT_BUNDLE_IDENTIFIER = com.clarence.ceibaUsers.UsersListTests;
				PRODUCT_NAME = "$(TARGET_NAME)";
				SWIFT_EMIT_LOC_STRINGS = NO;
				SWIFT_VERSION = 5.0;
				TARGETED_DEVICE_FAMILY = "1,2";
				TEST_HOST = "$(BUILT_PRODUCTS_DIR)/UsersList.app/UsersList";
			};
			name = Debug;
		};
		191E68A428CC366A001B32C0 /* Release */ = {
			isa = XCBuildConfiguration;
			buildSettings = {
				ALWAYS_EMBED_SWIFT_STANDARD_LIBRARIES = YES;
				BUNDLE_LOADER = "$(TEST_HOST)";
				CODE_SIGN_STYLE = Automatic;
				CURRENT_PROJECT_VERSION = 1;
				DEVELOPMENT_TEAM = HF9342AZKD;
				GENERATE_INFOPLIST_FILE = YES;
				IPHONEOS_DEPLOYMENT_TARGET = 15.5;
				MARKETING_VERSION = 1.0;
				PRODUCT_BUNDLE_IDENTIFIER = com.clarence.ceibaUsers.UsersListTests;
				PRODUCT_NAME = "$(TARGET_NAME)";
				SWIFT_EMIT_LOC_STRINGS = NO;
				SWIFT_VERSION = 5.0;
				TARGETED_DEVICE_FAMILY = "1,2";
				TEST_HOST = "$(BUILT_PRODUCTS_DIR)/UsersList.app/UsersList";
			};
			name = Release;
		};
		191E68A628CC366A001B32C0 /* Debug */ = {
			isa = XCBuildConfiguration;
			buildSettings = {
				ALWAYS_EMBED_SWIFT_STANDARD_LIBRARIES = YES;
				CODE_SIGN_STYLE = Automatic;
				CURRENT_PROJECT_VERSION = 1;
				DEVELOPMENT_TEAM = HF9342AZKD;
				GENERATE_INFOPLIST_FILE = YES;
				MARKETING_VERSION = 1.0;
				PRODUCT_BUNDLE_IDENTIFIER = com.clarence.ceibaUsers.UsersListUITests;
				PRODUCT_NAME = "$(TARGET_NAME)";
				SWIFT_EMIT_LOC_STRINGS = NO;
				SWIFT_VERSION = 5.0;
				TARGETED_DEVICE_FAMILY = "1,2";
				TEST_TARGET_NAME = UsersList;
			};
			name = Debug;
		};
		191E68A728CC366A001B32C0 /* Release */ = {
			isa = XCBuildConfiguration;
			buildSettings = {
				ALWAYS_EMBED_SWIFT_STANDARD_LIBRARIES = YES;
				CODE_SIGN_STYLE = Automatic;
				CURRENT_PROJECT_VERSION = 1;
				DEVELOPMENT_TEAM = HF9342AZKD;
				GENERATE_INFOPLIST_FILE = YES;
				MARKETING_VERSION = 1.0;
				PRODUCT_BUNDLE_IDENTIFIER = com.clarence.ceibaUsers.UsersListUITests;
				PRODUCT_NAME = "$(TARGET_NAME)";
				SWIFT_EMIT_LOC_STRINGS = NO;
				SWIFT_VERSION = 5.0;
				TARGETED_DEVICE_FAMILY = "1,2";
				TEST_TARGET_NAME = UsersList;
			};
			name = Release;
		};
/* End XCBuildConfiguration section */

/* Begin XCConfigurationList section */
		191E687028CC3668001B32C0 /* Build configuration list for PBXProject "UsersList" */ = {
			isa = XCConfigurationList;
			buildConfigurations = (
				191E689D28CC366A001B32C0 /* Debug */,
				191E689E28CC366A001B32C0 /* Release */,
			);
			defaultConfigurationIsVisible = 0;
			defaultConfigurationName = Release;
		};
		191E689F28CC366A001B32C0 /* Build configuration list for PBXNativeTarget "UsersList" */ = {
			isa = XCConfigurationList;
			buildConfigurations = (
				191E68A028CC366A001B32C0 /* Debug */,
				191E68A128CC366A001B32C0 /* Release */,
			);
			defaultConfigurationIsVisible = 0;
			defaultConfigurationName = Release;
		};
		191E68A228CC366A001B32C0 /* Build configuration list for PBXNativeTarget "UsersListTests" */ = {
			isa = XCConfigurationList;
			buildConfigurations = (
				191E68A328CC366A001B32C0 /* Debug */,
				191E68A428CC366A001B32C0 /* Release */,
			);
			defaultConfigurationIsVisible = 0;
			defaultConfigurationName = Release;
		};
		191E68A528CC366A001B32C0 /* Build configuration list for PBXNativeTarget "UsersListUITests" */ = {
			isa = XCConfigurationList;
			buildConfigurations = (
				191E68A628CC366A001B32C0 /* Debug */,
				191E68A728CC366A001B32C0 /* Release */,
			);
			defaultConfigurationIsVisible = 0;
			defaultConfigurationName = Release;
		};
/* End XCConfigurationList section */
	};
	rootObject = 191E686D28CC3668001B32C0 /* Project object */;
}
